// !$*UTF8*$!
{
	archiveVersion = 1;
	classes = {
	};
	objectVersion = 56;
	objects = {

/* Begin PBXBuildFile section */
		24009AD628F05F100036AEFC /* ImageViewController.swift in Sources */ = {isa = PBXBuildFile; fileRef = 24009AD528F05F100036AEFC /* ImageViewController.swift */; };
		246898C128E7588A00ECFD32 /* AppDelegate.swift in Sources */ = {isa = PBXBuildFile; fileRef = 246898C028E7588A00ECFD32 /* AppDelegate.swift */; };
		246898C328E7588A00ECFD32 /* SceneDelegate.swift in Sources */ = {isa = PBXBuildFile; fileRef = 246898C228E7588A00ECFD32 /* SceneDelegate.swift */; };
		246898C528E7588A00ECFD32 /* ViewController.swift in Sources */ = {isa = PBXBuildFile; fileRef = 246898C428E7588A00ECFD32 /* ViewController.swift */; };
		246898C828E7588A00ECFD32 /* Main.storyboard in Resources */ = {isa = PBXBuildFile; fileRef = 246898C628E7588A00ECFD32 /* Main.storyboard */; };
		246898CB28E7588A00ECFD32 /* MySecondApp.xcdatamodeld in Sources */ = {isa = PBXBuildFile; fileRef = 246898C928E7588A00ECFD32 /* MySecondApp.xcdatamodeld */; };
		246898CD28E7588B00ECFD32 /* Assets.xcassets in Resources */ = {isa = PBXBuildFile; fileRef = 246898CC28E7588B00ECFD32 /* Assets.xcassets */; };
		246898D028E7588B00ECFD32 /* LaunchScreen.storyboard in Resources */ = {isa = PBXBuildFile; fileRef = 246898CE28E7588B00ECFD32 /* LaunchScreen.storyboard */; };
		246898DB28E7588C00ECFD32 /* MySecondAppTests.swift in Sources */ = {isa = PBXBuildFile; fileRef = 246898DA28E7588C00ECFD32 /* MySecondAppTests.swift */; };
		246898E528E7588C00ECFD32 /* MySecondAppUITests.swift in Sources */ = {isa = PBXBuildFile; fileRef = 246898E428E7588C00ECFD32 /* MySecondAppUITests.swift */; };
		246898E728E7588C00ECFD32 /* MySecondAppUITestsLaunchTests.swift in Sources */ = {isa = PBXBuildFile; fileRef = 246898E628E7588C00ECFD32 /* MySecondAppUITestsLaunchTests.swift */; };
		24FF4F1228F9945A006411A5 /* MainViewController.swift in Sources */ = {isa = PBXBuildFile; fileRef = 24FF4F1128F9945A006411A5 /* MainViewController.swift */; };
		24FF4F1428F99706006411A5 /* BigBuckBunny.mp4 in Resources */ = {isa = PBXBuildFile; fileRef = 24FF4F1328F99706006411A5 /* BigBuckBunny.mp4 */; };
/* End PBXBuildFile section */

/* Begin PBXContainerItemProxy section */
		246898D728E7588C00ECFD32 /* PBXContainerItemProxy */ = {
			isa = PBXContainerItemProxy;
			containerPortal = 246898B528E7588A00ECFD32 /* Project object */;
			proxyType = 1;
			remoteGlobalIDString = 246898BC28E7588A00ECFD32;
			remoteInfo = MySecondApp;
		};
		246898E128E7588C00ECFD32 /* PBXContainerItemProxy */ = {
			isa = PBXContainerItemProxy;
			containerPortal = 246898B528E7588A00ECFD32 /* Project object */;
			proxyType = 1;
			remoteGlobalIDString = 246898BC28E7588A00ECFD32;
			remoteInfo = MySecondApp;
		};
/* End PBXContainerItemProxy section */

/* Begin PBXFileReference section */
		24009AD528F05F100036AEFC /* ImageViewController.swift */ = {isa = PBXFileReference; lastKnownFileType = sourcecode.swift; path = ImageViewController.swift; sourceTree = "<group>"; };
		246898BD28E7588A00ECFD32 /* MySecondApp.app */ = {isa = PBXFileReference; explicitFileType = wrapper.application; includeInIndex = 0; path = MySecondApp.app; sourceTree = BUILT_PRODUCTS_DIR; };
		246898C028E7588A00ECFD32 /* AppDelegate.swift */ = {isa = PBXFileReference; lastKnownFileType = sourcecode.swift; path = AppDelegate.swift; sourceTree = "<group>"; };
		246898C228E7588A00ECFD32 /* SceneDelegate.swift */ = {isa = PBXFileReference; lastKnownFileType = sourcecode.swift; path = SceneDelegate.swift; sourceTree = "<group>"; };
		246898C428E7588A00ECFD32 /* ViewController.swift */ = {isa = PBXFileReference; lastKnownFileType = sourcecode.swift; path = ViewController.swift; sourceTree = "<group>"; };
		246898C728E7588A00ECFD32 /* Base */ = {isa = PBXFileReference; lastKnownFileType = file.storyboard; name = Base; path = Base.lproj/Main.storyboard; sourceTree = "<group>"; };
		246898CA28E7588A00ECFD32 /* MySecondApp.xcdatamodel */ = {isa = PBXFileReference; lastKnownFileType = wrapper.xcdatamodel; path = MySecondApp.xcdatamodel; sourceTree = "<group>"; };
		246898CC28E7588B00ECFD32 /* Assets.xcassets */ = {isa = PBXFileReference; lastKnownFileType = folder.assetcatalog; path = Assets.xcassets; sourceTree = "<group>"; };
		246898CF28E7588B00ECFD32 /* Base */ = {isa = PBXFileReference; lastKnownFileType = file.storyboard; name = Base; path = Base.lproj/LaunchScreen.storyboard; sourceTree = "<group>"; };
		246898D128E7588B00ECFD32 /* Info.plist */ = {isa = PBXFileReference; lastKnownFileType = text.plist.xml; path = Info.plist; sourceTree = "<group>"; };
		246898D628E7588B00ECFD32 /* MySecondAppTests.xctest */ = {isa = PBXFileReference; explicitFileType = wrapper.cfbundle; includeInIndex = 0; path = MySecondAppTests.xctest; sourceTree = BUILT_PRODUCTS_DIR; };
		246898DA28E7588C00ECFD32 /* MySecondAppTests.swift */ = {isa = PBXFileReference; lastKnownFileType = sourcecode.swift; path = MySecondAppTests.swift; sourceTree = "<group>"; };
		246898E028E7588C00ECFD32 /* MySecondAppUITests.xctest */ = {isa = PBXFileReference; explicitFileType = wrapper.cfbundle; includeInIndex = 0; path = MySecondAppUITests.xctest; sourceTree = BUILT_PRODUCTS_DIR; };
		246898E428E7588C00ECFD32 /* MySecondAppUITests.swift */ = {isa = PBXFileReference; lastKnownFileType = sourcecode.swift; path = MySecondAppUITests.swift; sourceTree = "<group>"; };
		246898E628E7588C00ECFD32 /* MySecondAppUITestsLaunchTests.swift */ = {isa = PBXFileReference; lastKnownFileType = sourcecode.swift; path = MySecondAppUITestsLaunchTests.swift; sourceTree = "<group>"; };
		24FF4F1128F9945A006411A5 /* MainViewController.swift */ = {isa = PBXFileReference; lastKnownFileType = sourcecode.swift; path = MainViewController.swift; sourceTree = "<group>"; };
		24FF4F1328F99706006411A5 /* BigBuckBunny.mp4 */ = {isa = PBXFileReference; lastKnownFileType = file; name = BigBuckBunny.mp4; path = ../../../../../../../../../Downloads/BigBuckBunny.mp4; sourceTree = "<group>"; };
/* End PBXFileReference section */

/* Begin PBXFrameworksBuildPhase section */
		246898BA28E7588A00ECFD32 /* Frameworks */ = {
			isa = PBXFrameworksBuildPhase;
			buildActionMask = 2147483647;
			files = (
			);
			runOnlyForDeploymentPostprocessing = 0;
		};
		246898D328E7588B00ECFD32 /* Frameworks */ = {
			isa = PBXFrameworksBuildPhase;
			buildActionMask = 2147483647;
			files = (
			);
			runOnlyForDeploymentPostprocessing = 0;
		};
		246898DD28E7588C00ECFD32 /* Frameworks */ = {
			isa = PBXFrameworksBuildPhase;
			buildActionMask = 2147483647;
			files = (
			);
			runOnlyForDeploymentPostprocessing = 0;
		};
/* End PBXFrameworksBuildPhase section */

/* Begin PBXGroup section */
		246898B428E7588A00ECFD32 = {
			isa = PBXGroup;
			children = (
				24FF4F1328F99706006411A5 /* BigBuckBunny.mp4 */,
				246898BF28E7588A00ECFD32 /* MySecondApp */,
				246898D928E7588C00ECFD32 /* MySecondAppTests */,
				246898E328E7588C00ECFD32 /* MySecondAppUITests */,
				246898BE28E7588A00ECFD32 /* Products */,
			);
			sourceTree = "<group>";
		};
		246898BE28E7588A00ECFD32 /* Products */ = {
			isa = PBXGroup;
			children = (
				246898BD28E7588A00ECFD32 /* MySecondApp.app */,
				246898D628E7588B00ECFD32 /* MySecondAppTests.xctest */,
				246898E028E7588C00ECFD32 /* MySecondAppUITests.xctest */,
			);
			name = Products;
			sourceTree = "<group>";
		};
		246898BF28E7588A00ECFD32 /* MySecondApp */ = {
			isa = PBXGroup;
			children = (
				246898C028E7588A00ECFD32 /* AppDelegate.swift */,
				246898C228E7588A00ECFD32 /* SceneDelegate.swift */,
				246898C428E7588A00ECFD32 /* ViewController.swift */,
				246898C628E7588A00ECFD32 /* Main.storyboard */,
				246898CC28E7588B00ECFD32 /* Assets.xcassets */,
				246898CE28E7588B00ECFD32 /* LaunchScreen.storyboard */,
				246898D128E7588B00ECFD32 /* Info.plist */,
				246898C928E7588A00ECFD32 /* MySecondApp.xcdatamodeld */,
				24009AD528F05F100036AEFC /* ImageViewController.swift */,
				24FF4F1128F9945A006411A5 /* MainViewController.swift */,
			);
			path = MySecondApp;
			sourceTree = "<group>";
		};
		246898D928E7588C00ECFD32 /* MySecondAppTests */ = {
			isa = PBXGroup;
			children = (
				246898DA28E7588C00ECFD32 /* MySecondAppTests.swift */,
			);
			path = MySecondAppTests;
			sourceTree = "<group>";
		};
		246898E328E7588C00ECFD32 /* MySecondAppUITests */ = {
			isa = PBXGroup;
			children = (
				246898E428E7588C00ECFD32 /* MySecondAppUITests.swift */,
				246898E628E7588C00ECFD32 /* MySecondAppUITestsLaunchTests.swift */,
			);
			path = MySecondAppUITests;
			sourceTree = "<group>";
		};
/* End PBXGroup section */

/* Begin PBXNativeTarget section */
		246898BC28E7588A00ECFD32 /* MySecondApp */ = {
			isa = PBXNativeTarget;
			buildConfigurationList = 246898EA28E7588C00ECFD32 /* Build configuration list for PBXNativeTarget "MySecondApp" */;
			buildPhases = (
				246898B928E7588A00ECFD32 /* Sources */,
				246898BA28E7588A00ECFD32 /* Frameworks */,
				246898BB28E7588A00ECFD32 /* Resources */,
			);
			buildRules = (
			);
			dependencies = (
			);
			name = MySecondApp;
			productName = MySecondApp;
			productReference = 246898BD28E7588A00ECFD32 /* MySecondApp.app */;
			productType = "com.apple.product-type.application";
		};
		246898D528E7588B00ECFD32 /* MySecondAppTests */ = {
			isa = PBXNativeTarget;
			buildConfigurationList = 246898ED28E7588C00ECFD32 /* Build configuration list for PBXNativeTarget "MySecondAppTests" */;
			buildPhases = (
				246898D228E7588B00ECFD32 /* Sources */,
				246898D328E7588B00ECFD32 /* Frameworks */,
				246898D428E7588B00ECFD32 /* Resources */,
			);
			buildRules = (
			);
			dependencies = (
				246898D828E7588C00ECFD32 /* PBXTargetDependency */,
			);
			name = MySecondAppTests;
			productName = MySecondAppTests;
			productReference = 246898D628E7588B00ECFD32 /* MySecondAppTests.xctest */;
			productType = "com.apple.product-type.bundle.unit-test";
		};
		246898DF28E7588C00ECFD32 /* MySecondAppUITests */ = {
			isa = PBXNativeTarget;
			buildConfigurationList = 246898F028E7588C00ECFD32 /* Build configuration list for PBXNativeTarget "MySecondAppUITests" */;
			buildPhases = (
				246898DC28E7588C00ECFD32 /* Sources */,
				246898DD28E7588C00ECFD32 /* Frameworks */,
				246898DE28E7588C00ECFD32 /* Resources */,
			);
			buildRules = (
			);
			dependencies = (
				246898E228E7588C00ECFD32 /* PBXTargetDependency */,
			);
			name = MySecondAppUITests;
			productName = MySecondAppUITests;
			productReference = 246898E028E7588C00ECFD32 /* MySecondAppUITests.xctest */;
			productType = "com.apple.product-type.bundle.ui-testing";
		};
/* End PBXNativeTarget section */

/* Begin PBXProject section */
		246898B528E7588A00ECFD32 /* Project object */ = {
			isa = PBXProject;
			attributes = {
				BuildIndependentTargetsInParallel = 1;
				LastSwiftUpdateCheck = 1400;
				LastUpgradeCheck = 1400;
				TargetAttributes = {
					246898BC28E7588A00ECFD32 = {
						CreatedOnToolsVersion = 14.0.1;
					};
					246898D528E7588B00ECFD32 = {
						CreatedOnToolsVersion = 14.0.1;
						TestTargetID = 246898BC28E7588A00ECFD32;
					};
					246898DF28E7588C00ECFD32 = {
						CreatedOnToolsVersion = 14.0.1;
						TestTargetID = 246898BC28E7588A00ECFD32;
					};
				};
			};
			buildConfigurationList = 246898B828E7588A00ECFD32 /* Build configuration list for PBXProject "MySecondApp" */;
			compatibilityVersion = "Xcode 14.0";
			developmentRegion = en;
			hasScannedForEncodings = 0;
			knownRegions = (
				en,
				Base,
			);
			mainGroup = 246898B428E7588A00ECFD32;
			productRefGroup = 246898BE28E7588A00ECFD32 /* Products */;
			projectDirPath = "";
			projectRoot = "";
			targets = (
				246898BC28E7588A00ECFD32 /* MySecondApp */,
				246898D528E7588B00ECFD32 /* MySecondAppTests */,
				246898DF28E7588C00ECFD32 /* MySecondAppUITests */,
			);
		};
/* End PBXProject section */

/* Begin PBXResourcesBuildPhase section */
		246898BB28E7588A00ECFD32 /* Resources */ = {
			isa = PBXResourcesBuildPhase;
			buildActionMask = 2147483647;
			files = (
				24FF4F1428F99706006411A5 /* BigBuckBunny.mp4 in Resources */,
				246898D028E7588B00ECFD32 /* LaunchScreen.storyboard in Resources */,
				246898CD28E7588B00ECFD32 /* Assets.xcassets in Resources */,
				246898C828E7588A00ECFD32 /* Main.storyboard in Resources */,
			);
			runOnlyForDeploymentPostprocessing = 0;
		};
		246898D428E7588B00ECFD32 /* Resources */ = {
			isa = PBXResourcesBuildPhase;
			buildActionMask = 2147483647;
			files = (
			);
			runOnlyForDeploymentPostprocessing = 0;
		};
		246898DE28E7588C00ECFD32 /* Resources */ = {
			isa = PBXResourcesBuildPhase;
			buildActionMask = 2147483647;
			files = (
			);
			runOnlyForDeploymentPostprocessing = 0;
		};
/* End PBXResourcesBuildPhase section */

/* Begin PBXSourcesBuildPhase section */
		246898B928E7588A00ECFD32 /* Sources */ = {
			isa = PBXSourcesBuildPhase;
			buildActionMask = 2147483647;
			files = (
				246898C528E7588A00ECFD32 /* ViewController.swift in Sources */,
				246898C128E7588A00ECFD32 /* AppDelegate.swift in Sources */,
				24009AD628F05F100036AEFC /* ImageViewController.swift in Sources */,
				24FF4F1228F9945A006411A5 /* MainViewController.swift in Sources */,
				246898C328E7588A00ECFD32 /* SceneDelegate.swift in Sources */,
				246898CB28E7588A00ECFD32 /* MySecondApp.xcdatamodeld in Sources */,
			);
			runOnlyForDeploymentPostprocessing = 0;
		};
		246898D228E7588B00ECFD32 /* Sources */ = {
			isa = PBXSourcesBuildPhase;
			buildActionMask = 2147483647;
			files = (
				246898DB28E7588C00ECFD32 /* MySecondAppTests.swift in Sources */,
			);
			runOnlyForDeploymentPostprocessing = 0;
		};
		246898DC28E7588C00ECFD32 /* Sources */ = {
			isa = PBXSourcesBuildPhase;
			buildActionMask = 2147483647;
			files = (
				246898E728E7588C00ECFD32 /* MySecondAppUITestsLaunchTests.swift in Sources */,
				246898E528E7588C00ECFD32 /* MySecondAppUITests.swift in Sources */,
			);
			runOnlyForDeploymentPostprocessing = 0;
		};
/* End PBXSourcesBuildPhase section */

/* Begin PBXTargetDependency section */
		246898D828E7588C00ECFD32 /* PBXTargetDependency */ = {
			isa = PBXTargetDependency;
			target = 246898BC28E7588A00ECFD32 /* MySecondApp */;
			targetProxy = 246898D728E7588C00ECFD32 /* PBXContainerItemProxy */;
		};
		246898E228E7588C00ECFD32 /* PBXTargetDependency */ = {
			isa = PBXTargetDependency;
			target = 246898BC28E7588A00ECFD32 /* MySecondApp */;
			targetProxy = 246898E128E7588C00ECFD32 /* PBXContainerItemProxy */;
		};
/* End PBXTargetDependency section */

/* Begin PBXVariantGroup section */
		246898C628E7588A00ECFD32 /* Main.storyboard */ = {
			isa = PBXVariantGroup;
			children = (
				246898C728E7588A00ECFD32 /* Base */,
			);
			name = Main.storyboard;
			sourceTree = "<group>";
		};
		246898CE28E7588B00ECFD32 /* LaunchScreen.storyboard */ = {
			isa = PBXVariantGroup;
			children = (
				246898CF28E7588B00ECFD32 /* Base */,
			);
			name = LaunchScreen.storyboard;
			sourceTree = "<group>";
		};
/* End PBXVariantGroup section */

/* Begin XCBuildConfiguration section */
		246898E828E7588C00ECFD32 /* Debug */ = {
			isa = XCBuildConfiguration;
			buildSettings = {
				ALWAYS_SEARCH_USER_PATHS = NO;
				CLANG_ANALYZER_NONNULL = YES;
				CLANG_ANALYZER_NUMBER_OBJECT_CONVERSION = YES_AGGRESSIVE;
				CLANG_CXX_LANGUAGE_STANDARD = "gnu++20";
				CLANG_ENABLE_MODULES = YES;
				CLANG_ENABLE_OBJC_ARC = YES;
				CLANG_ENABLE_OBJC_WEAK = YES;
				CLANG_WARN_BLOCK_CAPTURE_AUTORELEASING = YES;
				CLANG_WARN_BOOL_CONVERSION = YES;
				CLANG_WARN_COMMA = YES;
				CLANG_WARN_CONSTANT_CONVERSION = YES;
				CLANG_WARN_DEPRECATED_OBJC_IMPLEMENTATIONS = YES;
				CLANG_WARN_DIRECT_OBJC_ISA_USAGE = YES_ERROR;
				CLANG_WARN_DOCUMENTATION_COMMENTS = YES;
				CLANG_WARN_EMPTY_BODY = YES;
				CLANG_WARN_ENUM_CONVERSION = YES;
				CLANG_WARN_INFINITE_RECURSION = YES;
				CLANG_WARN_INT_CONVERSION = YES;
				CLANG_WARN_NON_LITERAL_NULL_CONVERSION = YES;
				CLANG_WARN_OBJC_IMPLICIT_RETAIN_SELF = YES;
				CLANG_WARN_OBJC_LITERAL_CONVERSION = YES;
				CLANG_WARN_OBJC_ROOT_CLASS = YES_ERROR;
				CLANG_WARN_QUOTED_INCLUDE_IN_FRAMEWORK_HEADER = YES;
				CLANG_WARN_RANGE_LOOP_ANALYSIS = YES;
				CLANG_WARN_STRICT_PROTOTYPES = YES;
				CLANG_WARN_SUSPICIOUS_MOVE = YES;
				CLANG_WARN_UNGUARDED_AVAILABILITY = YES_AGGRESSIVE;
				CLANG_WARN_UNREACHABLE_CODE = YES;
				CLANG_WARN__DUPLICATE_METHOD_MATCH = YES;
				COPY_PHASE_STRIP = NO;
				DEBUG_INFORMATION_FORMAT = dwarf;
				ENABLE_STRICT_OBJC_MSGSEND = YES;
				ENABLE_TESTABILITY = YES;
				GCC_C_LANGUAGE_STANDARD = gnu11;
				GCC_DYNAMIC_NO_PIC = NO;
				GCC_NO_COMMON_BLOCKS = YES;
				GCC_OPTIMIZATION_LEVEL = 0;
				GCC_PREPROCESSOR_DEFINITIONS = (
					"DEBUG=1",
					"$(inherited)",
				);
				GCC_WARN_64_TO_32_BIT_CONVERSION = YES;
				GCC_WARN_ABOUT_RETURN_TYPE = YES_ERROR;
				GCC_WARN_UNDECLARED_SELECTOR = YES;
				GCC_WARN_UNINITIALIZED_AUTOS = YES_AGGRESSIVE;
				GCC_WARN_UNUSED_FUNCTION = YES;
				GCC_WARN_UNUSED_VARIABLE = YES;
				IPHONEOS_DEPLOYMENT_TARGET = 16.0;
				MTL_ENABLE_DEBUG_INFO = INCLUDE_SOURCE;
				MTL_FAST_MATH = YES;
				ONLY_ACTIVE_ARCH = YES;
				SDKROOT = iphoneos;
				SWIFT_ACTIVE_COMPILATION_CONDITIONS = DEBUG;
				SWIFT_OPTIMIZATION_LEVEL = "-Onone";
			};
			name = Debug;
		};
		246898E928E7588C00ECFD32 /* Release */ = {
			isa = XCBuildConfiguration;
			buildSettings = {
				ALWAYS_SEARCH_USER_PATHS = NO;
				CLANG_ANALYZER_NONNULL = YES;
				CLANG_ANALYZER_NUMBER_OBJECT_CONVERSION = YES_AGGRESSIVE;
				CLANG_CXX_LANGUAGE_STANDARD = "gnu++20";
				CLANG_ENABLE_MODULES = YES;
				CLANG_ENABLE_OBJC_ARC = YES;
				CLANG_ENABLE_OBJC_WEAK = YES;
				CLANG_WARN_BLOCK_CAPTURE_AUTORELEASING = YES;
				CLANG_WARN_BOOL_CONVERSION = YES;
				CLANG_WARN_COMMA = YES;
				CLANG_WARN_CONSTANT_CONVERSION = YES;
				CLANG_WARN_DEPRECATED_OBJC_IMPLEMENTATIONS = YES;
				CLANG_WARN_DIRECT_OBJC_ISA_USAGE = YES_ERROR;
				CLANG_WARN_DOCUMENTATION_COMMENTS = YES;
				CLANG_WARN_EMPTY_BODY = YES;
				CLANG_WARN_ENUM_CONVERSION = YES;
				CLANG_WARN_INFINITE_RECURSION = YES;
				CLANG_WARN_INT_CONVERSION = YES;
				CLANG_WARN_NON_LITERAL_NULL_CONVERSION = YES;
				CLANG_WARN_OBJC_IMPLICIT_RETAIN_SELF = YES;
				CLANG_WARN_OBJC_LITERAL_CONVERSION = YES;
				CLANG_WARN_OBJC_ROOT_CLASS = YES_ERROR;
				CLANG_WARN_QUOTED_INCLUDE_IN_FRAMEWORK_HEADER = YES;
				CLANG_WARN_RANGE_LOOP_ANALYSIS = YES;
				CLANG_WARN_STRICT_PROTOTYPES = YES;
				CLANG_WARN_SUSPICIOUS_MOVE = YES;
				CLANG_WARN_UNGUARDED_AVAILABILITY = YES_AGGRESSIVE;
				CLANG_WARN_UNREACHABLE_CODE = YES;
				CLANG_WARN__DUPLICATE_METHOD_MATCH = YES;
				COPY_PHASE_STRIP = NO;
				DEBUG_INFORMATION_FORMAT = "dwarf-with-dsym";
				ENABLE_NS_ASSERTIONS = NO;
				ENABLE_STRICT_OBJC_MSGSEND = YES;
				GCC_C_LANGUAGE_STANDARD = gnu11;
				GCC_NO_COMMON_BLOCKS = YES;
				GCC_WARN_64_TO_32_BIT_CONVERSION = YES;
				GCC_WARN_ABOUT_RETURN_TYPE = YES_ERROR;
				GCC_WARN_UNDECLARED_SELECTOR = YES;
				GCC_WARN_UNINITIALIZED_AUTOS = YES_AGGRESSIVE;
				GCC_WARN_UNUSED_FUNCTION = YES;
				GCC_WARN_UNUSED_VARIABLE = YES;
				IPHONEOS_DEPLOYMENT_TARGET = 16.0;
				MTL_ENABLE_DEBUG_INFO = NO;
				MTL_FAST_MATH = YES;
				SDKROOT = iphoneos;
				SWIFT_COMPILATION_MODE = wholemodule;
				SWIFT_OPTIMIZATION_LEVEL = "-O";
				VALIDATE_PRODUCT = YES;
			};
			name = Release;
		};
		246898EB28E7588C00ECFD32 /* Debug */ = {
			isa = XCBuildConfiguration;
			buildSettings = {
				ASSETCATALOG_COMPILER_APPICON_NAME = AppIcon;
				ASSETCATALOG_COMPILER_GLOBAL_ACCENT_COLOR_NAME = AccentColor;
				CODE_SIGN_STYLE = Automatic;
				CURRENT_PROJECT_VERSION = 1;
				DEVELOPMENT_TEAM = 9S675N4Z9W;
				GENERATE_INFOPLIST_FILE = YES;
				INFOPLIST_FILE = MySecondApp/Info.plist;
				INFOPLIST_KEY_UIApplicationSupportsIndirectInputEvents = YES;
				INFOPLIST_KEY_UILaunchStoryboardName = LaunchScreen;
				INFOPLIST_KEY_UIMainStoryboardFile = Main;
				INFOPLIST_KEY_UISupportedInterfaceOrientations_iPad = "UIInterfaceOrientationPortrait UIInterfaceOrientationPortraitUpsideDown UIInterfaceOrientationLandscapeLeft UIInterfaceOrientationLandscapeRight";
				INFOPLIST_KEY_UISupportedInterfaceOrientations_iPhone = "UIInterfaceOrientationPortrait UIInterfaceOrientationLandscapeLeft UIInterfaceOrientationLandscapeRight";
				IPHONEOS_DEPLOYMENT_TARGET = 16.0;
				LD_RUNPATH_SEARCH_PATHS = (
					"$(inherited)",
					"@executable_path/Frameworks",
				);
				MARKETING_VERSION = 1.0;
				PRODUCT_BUNDLE_IDENTIFIER = com.MySecondApp;
				PRODUCT_NAME = "$(TARGET_NAME)";
				SWIFT_EMIT_LOC_STRINGS = YES;
				SWIFT_VERSION = 5.0;
				TARGETED_DEVICE_FAMILY = "1,2";
			};
			name = Debug;
		};
		246898EC28E7588C00ECFD32 /* Release */ = {
			isa = XCBuildConfiguration;
			buildSettings = {
				ASSETCATALOG_COMPILER_APPICON_NAME = AppIcon;
				ASSETCATALOG_COMPILER_GLOBAL_ACCENT_COLOR_NAME = AccentColor;
				CODE_SIGN_STYLE = Automatic;
				CURRENT_PROJECT_VERSION = 1;
				DEVELOPMENT_TEAM = 9S675N4Z9W;
				GENERATE_INFOPLIST_FILE = YES;
				INFOPLIST_FILE = MySecondApp/Info.plist;
				INFOPLIST_KEY_UIApplicationSupportsIndirectInputEvents = YES;
				INFOPLIST_KEY_UILaunchStoryboardName = LaunchScreen;
				INFOPLIST_KEY_UIMainStoryboardFile = Main;
				INFOPLIST_KEY_UISupportedInterfaceOrientations_iPad = "UIInterfaceOrientationPortrait UIInterfaceOrientationPortraitUpsideDown UIInterfaceOrientationLandscapeLeft UIInterfaceOrientationLandscapeRight";
				INFOPLIST_KEY_UISupportedInterfaceOrientations_iPhone = "UIInterfaceOrientationPortrait UIInterfaceOrientationLandscapeLeft UIInterfaceOrientationLandscapeRight";
				IPHONEOS_DEPLOYMENT_TARGET = 16.0;
				LD_RUNPATH_SEARCH_PATHS = (
					"$(inherited)",
					"@executable_path/Frameworks",
				);
				MARKETING_VERSION = 1.0;
				PRODUCT_BUNDLE_IDENTIFIER = com.MySecondApp;
				PRODUCT_NAME = "$(TARGET_NAME)";
				SWIFT_EMIT_LOC_STRINGS = YES;
				SWIFT_VERSION = 5.0;
				TARGETED_DEVICE_FAMILY = "1,2";
			};
			name = Release;
		};
		246898EE28E7588C00ECFD32 /* Debug */ = {
			isa = XCBuildConfiguration;
			buildSettings = {
				ALWAYS_EMBED_SWIFT_STANDARD_LIBRARIES = YES;
				BUNDLE_LOADER = "$(TEST_HOST)";
				CODE_SIGN_STYLE = Automatic;
				CURRENT_PROJECT_VERSION = 1;
				DEVELOPMENT_TEAM = 9S675N4Z9W;
				GENERATE_INFOPLIST_FILE = YES;
				IPHONEOS_DEPLOYMENT_TARGET = 16.0;
				MARKETING_VERSION = 1.0;
				PRODUCT_BUNDLE_IDENTIFIER = com.MySecondAppTests;
				PRODUCT_NAME = "$(TARGET_NAME)";
				SWIFT_EMIT_LOC_STRINGS = NO;
				SWIFT_VERSION = 5.0;
				TARGETED_DEVICE_FAMILY = "1,2";
				TEST_HOST = "$(BUILT_PRODUCTS_DIR)/MySecondApp.app/$(BUNDLE_EXECUTABLE_FOLDER_PATH)/MySecondApp";
			};
			name = Debug;
		};
		246898EF28E7588C00ECFD32 /* Release */ = {
			isa = XCBuildConfiguration;
			buildSettings = {
				ALWAYS_EMBED_SWIFT_STANDARD_LIBRARIES = YES;
				BUNDLE_LOADER = "$(TEST_HOST)";
				CODE_SIGN_STYLE = Automatic;
				CURRENT_PROJECT_VERSION = 1;
				DEVELOPMENT_TEAM = 9S675N4Z9W;
				GENERATE_INFOPLIST_FILE = YES;
				IPHONEOS_DEPLOYMENT_TARGET = 16.0;
				MARKETING_VERSION = 1.0;
				PRODUCT_BUNDLE_IDENTIFIER = com.MySecondAppTests;
				PRODUCT_NAME = "$(TARGET_NAME)";
				SWIFT_EMIT_LOC_STRINGS = NO;
				SWIFT_VERSION = 5.0;
				TARGETED_DEVICE_FAMILY = "1,2";
				TEST_HOST = "$(BUILT_PRODUCTS_DIR)/MySecondApp.app/$(BUNDLE_EXECUTABLE_FOLDER_PATH)/MySecondApp";
			};
			name = Release;
		};
		246898F128E7588C00ECFD32 /* Debug */ = {
			isa = XCBuildConfiguration;
			buildSettings = {
				ALWAYS_EMBED_SWIFT_STANDARD_LIBRARIES = YES;
				CODE_SIGN_STYLE = Automatic;
				CURRENT_PROJECT_VERSION = 1;
				DEVELOPMENT_TEAM = 9S675N4Z9W;
				GENERATE_INFOPLIST_FILE = YES;
				MARKETING_VERSION = 1.0;
				PRODUCT_BUNDLE_IDENTIFIER = com.MySecondAppUITests;
				PRODUCT_NAME = "$(TARGET_NAME)";
				SWIFT_EMIT_LOC_STRINGS = NO;
				SWIFT_VERSION = 5.0;
				TARGETED_DEVICE_FAMILY = "1,2";
				TEST_TARGET_NAME = MySecondApp;
			};
			name = Debug;
		};
		246898F228E7588C00ECFD32 /* Release */ = {
			isa = XCBuildConfiguration;
			buildSettings = {
				ALWAYS_EMBED_SWIFT_STANDARD_LIBRARIES = YES;
				CODE_SIGN_STYLE = Automatic;
				CURRENT_PROJECT_VERSION = 1;
				DEVELOPMENT_TEAM = 9S675N4Z9W;
				GENERATE_INFOPLIST_FILE = YES;
				MARKETING_VERSION = 1.0;
				PRODUCT_BUNDLE_IDENTIFIER = com.MySecondAppUITests;
				PRODUCT_NAME = "$(TARGET_NAME)";
				SWIFT_EMIT_LOC_STRINGS = NO;
				SWIFT_VERSION = 5.0;
				TARGETED_DEVICE_FAMILY = "1,2";
				TEST_TARGET_NAME = MySecondApp;
			};
			name = Release;
		};
/* End XCBuildConfiguration section */

/* Begin XCConfigurationList section */
		246898B828E7588A00ECFD32 /* Build configuration list for PBXProject "MySecondApp" */ = {
			isa = XCConfigurationList;
			buildConfigurations = (
				246898E828E7588C00ECFD32 /* Debug */,
				246898E928E7588C00ECFD32 /* Release */,
			);
			defaultConfigurationIsVisible = 0;
			defaultConfigurationName = Release;
		};
		246898EA28E7588C00ECFD32 /* Build configuration list for PBXNativeTarget "MySecondApp" */ = {
			isa = XCConfigurationList;
			buildConfigurations = (
				246898EB28E7588C00ECFD32 /* Debug */,
				246898EC28E7588C00ECFD32 /* Release */,
			);
			defaultConfigurationIsVisible = 0;
			defaultConfigurationName = Release;
		};
		246898ED28E7588C00ECFD32 /* Build configuration list for PBXNativeTarget "MySecondAppTests" */ = {
			isa = XCConfigurationList;
			buildConfigurations = (
				246898EE28E7588C00ECFD32 /* Debug */,
				246898EF28E7588C00ECFD32 /* Release */,
			);
			defaultConfigurationIsVisible = 0;
			defaultConfigurationName = Release;
		};
		246898F028E7588C00ECFD32 /* Build configuration list for PBXNativeTarget "MySecondAppUITests" */ = {
			isa = XCConfigurationList;
			buildConfigurations = (
				246898F128E7588C00ECFD32 /* Debug */,
				246898F228E7588C00ECFD32 /* Release */,
			);
			defaultConfigurationIsVisible = 0;
			defaultConfigurationName = Release;
		};
/* End XCConfigurationList section */

/* Begin XCVersionGroup section */
		246898C928E7588A00ECFD32 /* MySecondApp.xcdatamodeld */ = {
			isa = XCVersionGroup;
			children = (
				246898CA28E7588A00ECFD32 /* MySecondApp.xcdatamodel */,
			);
			currentVersion = 246898CA28E7588A00ECFD32 /* MySecondApp.xcdatamodel */;
			path = MySecondApp.xcdatamodeld;
			sourceTree = "<group>";
			versionGroupType = wrapper.xcdatamodel;
		};
/* End XCVersionGroup section */
	};
	rootObject = 246898B528E7588A00ECFD32 /* Project object */;
}
